<?xml version="1.0" encoding="utf-8"?>
<Project ToolsVersion="4.0" xmlns="http://schemas.microsoft.com/developer/msbuild/2003">
  <ItemGroup>
    <Filter Include="Core">
      <UniqueIdentifier>{68f34d44-0627-402e-8919-553baa40fdbf}</UniqueIdentifier>
    </Filter>
    <Filter Include="Simulation">
      <UniqueIdentifier>{626753d2-eed8-43c7-94e7-51875f65192b}</UniqueIdentifier>
    </Filter>
    <Filter Include="ForceGenerators">
      <UniqueIdentifier>{82b4f192-62fe-46e8-a6f0-125146bc2205}</UniqueIdentifier>
    </Filter>
    <Filter Include="Integrators">
      <UniqueIdentifier>{746c5265-b966-4dae-8414-63d4e0a85323}</UniqueIdentifier>
    </Filter>
    <Filter Include="Objects">
      <UniqueIdentifier>{ed390d5c-925b-4742-a01e-aacd629ca5a8}</UniqueIdentifier>
    </Filter>
    <Filter Include="Constraints">
      <UniqueIdentifier>{3deb2b54-1ae6-4e93-9301-9674c3bbe4fd}</UniqueIdentifier>
    </Filter>
  </ItemGroup>
  <ItemGroup>
    <ClCompile Include="graphics.cpp">
      <Filter>Core</Filter>
    </ClCompile>
    <ClCompile Include="manipulator.cpp">
      <Filter>Core</Filter>
    </ClCompile>
    <ClCompile Include="simulation.cpp">
      <Filter>Simulation</Filter>
    </ClCompile>
    <ClCompile Include="forcegenerator.cpp">
      <Filter>ForceGenerators</Filter>
    </ClCompile>
    <ClCompile Include="gravity.cpp">
      <Filter>ForceGenerators</Filter>
    </ClCompile>
    <ClCompile Include="medium.cpp">
      <Filter>ForceGenerators</Filter>
    </ClCompile>
    <ClCompile Include="spring.cpp">
      <Filter>ForceGenerators</Filter>
    </ClCompile>
    <ClCompile Include="euler.cpp">
      <Filter>Integrators</Filter>
    </ClCompile>
    <ClCompile Include="integrator.cpp">
      <Filter>Integrators</Filter>
    </ClCompile>
    <ClCompile Include="verlet.cpp">
      <Filter>Integrators</Filter>
    </ClCompile>
    <ClCompile Include="cloth.cpp">
      <Filter>Objects</Filter>
    </ClCompile>
    <ClCompile Include="cube.cpp">
      <Filter>Objects</Filter>
    </ClCompile>
    <ClCompile Include="particle.cpp">
      <Filter>Objects</Filter>
    </ClCompile>
    <ClCompile Include="particlegenerator.cpp">
      <Filter>Objects</Filter>
    </ClCompile>
    <ClCompile Include="plane.cpp">
      <Filter>Objects</Filter>
    </ClCompile>
    <ClCompile Include="constraint.cpp">
      <Filter>Constraints</Filter>
    </ClCompile>
    <ClCompile Include="main.cpp" />
  </ItemGroup>
  <ItemGroup>
    <ClInclude Include="graphics.h">
      <Filter>Core</Filter>
    </ClInclude>
    <ClInclude Include="manipulator.h">
      <Filter>Core</Filter>
    </ClInclude>
    <ClInclude Include="vector.h">
      <Filter>Core</Filter>
    </ClInclude>
    <ClInclude Include="simulation.h">
      <Filter>Simulation</Filter>
    </ClInclude>
    <ClInclude Include="forcegenerator.h">
      <Filter>ForceGenerators</Filter>
    </ClInclude>
    <ClInclude Include="gravity.h">
      <Filter>ForceGenerators</Filter>
    </ClInclude>
    <ClInclude Include="medium.h">
      <Filter>ForceGenerators</Filter>
    </ClInclude>
    <ClInclude Include="spring.h">
      <Filter>ForceGenerators</Filter>
    </ClInclude>
    <ClInclude Include="euler.h">
      <Filter>Integrators</Filter>
    </ClInclude>
    <ClInclude Include="integrator.h">
      <Filter>Integrators</Filter>
    </ClInclude>
    <ClInclude Include="verlet.h">
      <Filter>Integrators</Filter>
    </ClInclude>
    <ClInclude Include="cloth.h">
      <Filter>Objects</Filter>
    </ClInclude>
    <ClInclude Include="cube.h">
      <Filter>Objects</Filter>
    </ClInclude>
    <ClInclude Include="particle.h">
      <Filter>Objects</Filter>
    </ClInclude>
    <ClInclude Include="particlegenerator.h">
      <Filter>Objects</Filter>
    </ClInclude>
    <ClInclude Include="plane.h">
      <Filter>Objects</Filter>
    </ClInclude>
    <ClInclude Include="constraint.h">
      <Filter>Constraints</Filter>
    </ClInclude>
  </ItemGroup>
</Project>